
Microsoft Visual Studio Solution File, Format Version 12.00
# Visual Studio Version 16
VisualStudioVersion = 16.0.31019.35
MinimumVisualStudioVersion = 10.0.40219.1
Project("{FAE04EC0-301F-11D3-BF4B-00C04F79EFBC}") = "WebDay2021.SignalR.SimpleFruitShop.WebApp", "WebDay2021.SignalR.SimpleFruitShop.WebApp\WebDay2021.SignalR.SimpleFruitShop.WebApp.csproj", "{35F4078A-2B90-4E7C-87C4-5295907274DF}"
EndProject
Global
	GlobalSection(SolutionConfigurationPlatforms) = preSolution
		Debug|Any CPU = Debug|Any CPU
		Release|Any CPU = Release|Any CPU
	EndGlobalSection
	GlobalSection(ProjectConfigurationPlatforms) = postSolution
		{35F4078A-2B90-4E7C-87C4-5295907274DF}.Debug|Any CPU.ActiveCfg = Debug|Any CPU
		{35F4078A-2B90-4E7C-87C4-5295907274DF}.Debug|Any CPU.Build.0 = Debug|Any CPU
		{35F4078A-2B90-4E7C-87C4-5295907274DF}.Release|Any CPU.ActiveCfg = Release|Any CPU
		{35F4078A-2B90-4E7C-87C4-5295907274DF}.Release|Any CPU.Build.0 = Release|Any CPU
	EndGlobalSection
	GlobalSection(SolutionProperties) = preSolution
		HideSolutionNode = FALSE
	EndGlobalSection
	GlobalSection(ExtensibilityGlobals) = postSolution
		SolutionGuid = {A4EC14BA-F4F9-4F53-8B72-968A4AB1124B}
	EndGlobalSection
EndGlobal
